
Microsoft Visual Studio Solution File, Format Version 12.00
# Visual Studio Version 16
VisualStudioVersion = 16.0.29409.12
MinimumVisualStudioVersion = 10.0.40219.1
Project("{FAE04EC0-301F-11D3-BF4B-00C04F79EFBC}") = "BoredApi", "BoredApi\BoredApi.csproj", "{CACC9496-CF46-48C4-91B6-A9E9112BFA9C}"
EndProject
Project("{FAE04EC0-301F-11D3-BF4B-00C04F79EFBC}") = "BoredDTO", "BoredDTO\BoredDTO.csproj", "{230B1615-9622-4B6C-9CDA-294D7F001E0E}"
EndProject
Global
	GlobalSection(SolutionConfigurationPlatforms) = preSolution
		Debug|Any CPU = Debug|Any CPU
		Release|Any CPU = Release|Any CPU
	EndGlobalSection
	GlobalSection(ProjectConfigurationPlatforms) = postSolution
		{CACC9496-CF46-48C4-91B6-A9E9112BFA9C}.Debug|Any CPU.ActiveCfg = Debug|Any CPU
		{CACC9496-CF46-48C4-91B6-A9E9112BFA9C}.Debug|Any CPU.Build.0 = Debug|Any CPU
		{CACC9496-CF46-48C4-91B6-A9E9112BFA9C}.Release|Any CPU.ActiveCfg = Release|Any CPU
		{CACC9496-CF46-48C4-91B6-A9E9112BFA9C}.Release|Any CPU.Build.0 = Release|Any CPU
		{230B1615-9622-4B6C-9CDA-294D7F001E0E}.Debug|Any CPU.ActiveCfg = Debug|Any CPU
		{230B1615-9622-4B6C-9CDA-294D7F001E0E}.Debug|Any CPU.Build.0 = Debug|Any CPU
		{230B1615-9622-4B6C-9CDA-294D7F001E0E}.Release|Any CPU.ActiveCfg = Release|Any CPU
		{230B1615-9622-4B6C-9CDA-294D7F001E0E}.Release|Any CPU.Build.0 = Release|Any CPU
	EndGlobalSection
	GlobalSection(SolutionProperties) = preSolution
		HideSolutionNode = FALSE
	EndGlobalSection
	GlobalSection(ExtensibilityGlobals) = postSolution
		SolutionGuid = {4F02211E-58AA-4DF3-954A-F03D3892AA59}
	EndGlobalSection
EndGlobal
